<?xml version="1.0" encoding="utf-8"?>
<Project xmlns="http://schemas.microsoft.com/developer/msbuild/2003" ToolsVersion="4.0">
  <ItemGroup>
    <Filter Include="Header Files">
      <UniqueIdentifier>{4D1BFFCC-9CEB-4ABF-A951-582870FE71FD}</UniqueIdentifier>
      <Extensions>h;hpp;hxx;hm;inl;inc;xsd</Extensions>
    </Filter>
    <Filter Include="Header Files\TouchGFX">
      <UniqueIdentifier>{29C60541-803D-4F43-8683-028D9DA5E0CB}</UniqueIdentifier>
    </Filter>
    <Filter Include="Header Files\TouchGFX\common">
      <UniqueIdentifier>{AF2BF67C-89EC-4545-B0D2-5BD6803628D4}</UniqueIdentifier>
    </Filter>
    <Filter Include="Header Files\TouchGFX\mvp">
      <UniqueIdentifier>{A8F51E02-A400-49F1-AC86-371872A7E5E6}</UniqueIdentifier>
    </Filter>
    <Filter Include="Header Files\TouchGFX\platform">
      <UniqueIdentifier>{493CF637-721C-4516-8638-3EE4790FB455}</UniqueIdentifier>
    </Filter>
    <Filter Include="Header Files\TouchGFX\touchgfx">
      <UniqueIdentifier>{7187028B-6482-4EB3-8556-EECD38E0636B}</UniqueIdentifier>
    </Filter>
    <Filter Include="Header Files\TouchGFX\platform\driver">
      <UniqueIdentifier>{D2E6B448-6B79-434F-A8EB-C8F8415957E9}</UniqueIdentifier>
    </Filter>
    <Filter Include="Header Files\TouchGFX\platform\hal">
      <UniqueIdentifier>{07737357-9365-4A8F-B2F6-908B5FC4E808}</UniqueIdentifier>
    </Filter>
    <Filter Include="Header Files\TouchGFX\touchgfx\canvas_widget_renderer">
      <UniqueIdentifier>{085B248B-6BE1-4BF8-9913-35526BAEE4C7}</UniqueIdentifier>
    </Filter>
    <Filter Include="Header Files\TouchGFX\touchgfx\containers">
      <UniqueIdentifier>{E08C6B18-2F0E-4861-87D5-80FB0411017E}</UniqueIdentifier>
    </Filter>
    <Filter Include="Header Files\TouchGFX\touchgfx\events">
      <UniqueIdentifier>{29D72404-E5CB-472C-B00F-3784DF3CCD1E}</UniqueIdentifier>
    </Filter>
    <Filter Include="Header Files\TouchGFX\touchgfx\hal">
      <UniqueIdentifier>{09561B72-532B-45EB-8E32-CAA31C349F83}</UniqueIdentifier>
    </Filter>
    <Filter Include="Header Files\TouchGFX\touchgfx\lcd">
      <UniqueIdentifier>{A89B6308-CBC1-48EC-BF14-B3C6106FACCE}</UniqueIdentifier>
    </Filter>
    <Filter Include="Header Files\TouchGFX\touchgfx\mixins">
      <UniqueIdentifier>{DB82A963-BE52-4494-BD5E-358C5E79C081}</UniqueIdentifier>
    </Filter>
    <Filter Include="Header Files\TouchGFX\touchgfx\transforms">
      <UniqueIdentifier>{509E01BB-FBF4-4198-B748-936C1B67839A}</UniqueIdentifier>
    </Filter>
    <Filter Include="Header Files\TouchGFX\touchgfx\transitions">
      <UniqueIdentifier>{3F023E56-225A-4D4C-9D20-74447A23BAD9}</UniqueIdentifier>
    </Filter>
    <Filter Include="Header Files\TouchGFX\touchgfx\widgets">
      <UniqueIdentifier>{0E9A8FD3-B71B-46B9-B1F6-3A18292FFAC4}</UniqueIdentifier>
    </Filter>
    <Filter Include="Header Files\TouchGFX\platform\driver\lcd">
      <UniqueIdentifier>{9B32A742-EBA9-4EBA-832E-0421D7E68BC5}</UniqueIdentifier>
    </Filter>
    <Filter Include="Header Files\TouchGFX\platform\driver\touch">
      <UniqueIdentifier>{8C31441B-2191-4B32-869D-7B253AECB28F}</UniqueIdentifier>
    </Filter>
    <Filter Include="Header Files\TouchGFX\platform\hal\simulator">
      <UniqueIdentifier>{464CC9FB-AFF6-4FFA-B4D8-BCAC4B2B8898}</UniqueIdentifier>
    </Filter>
    <Filter Include="Header Files\TouchGFX\touchgfx\containers\clock">
      <UniqueIdentifier>{B7237C13-DD69-4F78-8446-9A554431E3F8}</UniqueIdentifier>
    </Filter>
    <Filter Include="Header Files\TouchGFX\touchgfx\containers\progress_indicators">
      <UniqueIdentifier>{5E0E884F-0059-4306-94BA-3197219750E3}</UniqueIdentifier>
    </Filter>
    <Filter Include="Header Files\TouchGFX\touchgfx\widgets\canvas">
      <UniqueIdentifier>{DBFF640A-BD63-40BC-A0A5-2468BC461037}</UniqueIdentifier>
    </Filter>
    <Filter Include="Header Files\TouchGFX\platform\hal\simulator\sdl2">
      <UniqueIdentifier>{EA3962C0-553C-4CFD-A89B-A116A9493818}</UniqueIdentifier>
    </Filter>
    <Filter Include="Header Files\generated">
      <UniqueIdentifier>{29C60541-803D-4F44-8783-028D9DA5E0CC}</UniqueIdentifier>
    </Filter>
    <Filter Include="Header Files\generated\simulator">
      <UniqueIdentifier>{29C60541-803D-4F43-8683-028D9DA5E0CC}</UniqueIdentifier>
    </Filter>
    <Filter Include="Resource Files">
      <UniqueIdentifier>{92BBFF14-FBDB-4755-BA47-A830D863D92B}</UniqueIdentifier>
      <Extensions>rc;ico;cur;bmp;dlg;rc2;rct;bin;rgs;gif;jpg;jpeg;jpe;resx;tiff;tif;ttf;otf;bdf;png;wav;xlsx;props;mfcribbon-ms</Extensions>
    </Filter>
    <Filter Include="Resource Files\assets">
      <UniqueIdentifier>{AF899B0F-78BE-47F9-A912-E92CB9156E40}</UniqueIdentifier>
    </Filter>
    <Filter Include="Resource Files\config">
      <UniqueIdentifier>{29E8A9F8-6504-4625-AB47-671A3F665E51}</UniqueIdentifier>
    </Filter>
    <Filter Include="Resource Files\assets\texts">
      <UniqueIdentifier>{382278FD-2B19-4E89-AE4F-24AF77E7A270}</UniqueIdentifier>
    </Filter>
    <Filter Include="Resource Files\config\msvs">
      <UniqueIdentifier>{C24EAEDB-9A3F-43DC-87FB-C7AC2729A078}</UniqueIdentifier>
    </Filter>
    <Filter Include="Source Files">
      <UniqueIdentifier>{2F3FC0AA-97C4-4366-9939-94A0FF4E028C}</UniqueIdentifier>
      <Extensions>cpp;c;cc;cxx;def;odl;idl;hpj;bat;asm;asmx</Extensions>
    </Filter>
    <Filter Include="Source Files\TouchGFX">
      <UniqueIdentifier>{C07B02A9-A55E-47AA-AD61-59A6AAD754E6}</UniqueIdentifier>
    </Filter>
    <Filter Include="Source Files\TouchGFX\platform">
      <UniqueIdentifier>{33EDC2DB-AF72-480C-92E5-2A2833BCAB6F}</UniqueIdentifier>
    </Filter>
    <Filter Include="Source Files\TouchGFX\platform\driver">
      <UniqueIdentifier>{1D8EFD90-430A-4539-9080-16A38861D20A}</UniqueIdentifier>
    </Filter>
    <Filter Include="Source Files\TouchGFX\platform\hal">
      <UniqueIdentifier>{E8DECBF2-0C8E-4397-8603-3101D6F922D6}</UniqueIdentifier>
    </Filter>
    <Filter Include="Source Files\TouchGFX\platform\driver\touch">
      <UniqueIdentifier>{40F0D55D-79D9-488A-AF83-ADC96179EADF}</UniqueIdentifier>
    </Filter>
    <Filter Include="Source Files\TouchGFX\platform\hal\simulator">
      <UniqueIdentifier>{3FB50DD5-31DA-4042-B7FD-2151C58CDA80}</UniqueIdentifier>
    </Filter>
    <Filter Include="Source Files\TouchGFX\platform\hal\simulator\sdl2">
      <UniqueIdentifier>{B48CB42B-0F9E-4815-BFE1-1ACC1150ED8A}</UniqueIdentifier>
    </Filter>
    <Filter Include="Source Files\simulator">
      <UniqueIdentifier>{C07B03A9-A55E-47AA-AD61-59A6AAD754E6}</UniqueIdentifier>
    </Filter>
    <Filter Include="Source Files\generated">
      <UniqueIdentifier>{C07B02B9-A55E-47AB-AD61-59A6AAD754E6}</UniqueIdentifier>
    </Filter>
    <Filter Include="Source Files\generated\simulator">
      <UniqueIdentifier>{C07B02B9-A55E-47AA-AD61-59A6AAD754E6}</UniqueIdentifier>
    </Filter>
    <Filter Include="Source Files\gui">
      <UniqueIdentifier>9588E6F0-7813-F185-D377-FDAEEB6ED8D5</UniqueIdentifier>
    </Filter>
    <Filter Include="Header Files\gui">
      <UniqueIdentifier>0995A1E0-765D-0DB7-60D7-91B8C1D60DB1</UniqueIdentifier>
    </Filter>
    <Filter Include="Header Files\gui\common">
      <UniqueIdentifier>44F9BC66-890C-4D7A-100A-483C0725C435</UniqueIdentifier>
    </Filter>
    <Filter Include="Source Files\generated\gui_generated">
      <UniqueIdentifier>3A5FED73-D203-7CD9-4953-D5FAFA6283E9</UniqueIdentifier>
    </Filter>
    <Filter Include="Header Files\gui\model">
      <UniqueIdentifier>AE9BE476-4685-BF30-3A2B-D0DD8E15D355</UniqueIdentifier>
    </Filter>
    <Filter Include="Header Files\generated\gui_generated">
      <UniqueIdentifier>6DB6FE59-C737-7626-6F30-3F21894E2E1B</UniqueIdentifier>
    </Filter>
    <Filter Include="Source Files\gui\model">
      <UniqueIdentifier>5FCBACFB-A9E3-AB4A-96F0-81043248AB7F</UniqueIdentifier>
    </Filter>
    <Filter Include="Source Files\gui\common">
      <UniqueIdentifier>E2989116-F241-6081-D8B0-7DC3A49E35C9</UniqueIdentifier>
    </Filter>
    <Filter Include="Source Files\generated\gui_generated\common">
      <UniqueIdentifier>B28D6D17-F436-B76E-0BD8-C85F6D4E5D49</UniqueIdentifier>
    </Filter>
    <Filter Include="Header Files\generated\gui_generated\common">
      <UniqueIdentifier>5D85CA4C-2D2D-FD17-8020-270DF30EC951</UniqueIdentifier>
    </Filter>
    <Filter Include="Header Files\gui\calibrationprogressbar_screen">
      <UniqueIdentifier>7D51963F-F847-2062-F088-7A7452040694</UniqueIdentifier>
    </Filter>
    <Filter Include="Source Files\gui\calibrationprogressbar_screen">
      <UniqueIdentifier>4AA99C05-97A4-8F02-776C-7ADEB6E4E46E</UniqueIdentifier>
    </Filter>
    <Filter Include="Header Files\generated\gui_generated\calibrationprogressbar_screen">
      <UniqueIdentifier>F3399AD0-99F0-93BB-01EE-3083C0E7A5BE</UniqueIdentifier>
    </Filter>
    <Filter Include="Source Files\generated\gui_generated\calibrationprogressbar_screen">
      <UniqueIdentifier>CA29321B-8BE6-4122-8867-AA264C14F8F6</UniqueIdentifier>
    </Filter>
    <Filter Include="Source Files\gui\menu_screen">
      <UniqueIdentifier>16C32E17-6838-54D6-BCD2-4657605BAEFD</UniqueIdentifier>
    </Filter>
    <Filter Include="Header Files\gui\menu_screen">
      <UniqueIdentifier>6F3A124D-DB7D-CE30-D0BD-463D7C70D78A</UniqueIdentifier>
    </Filter>
    <Filter Include="Header Files\generated\gui_generated\menu_screen">
      <UniqueIdentifier>0FDDC442-971E-BA27-8BAB-81A698C31402</UniqueIdentifier>
    </Filter>
    <Filter Include="Source Files\generated\gui_generated\menu_screen">
      <UniqueIdentifier>F2342759-D650-0D99-30B9-F76920B62000</UniqueIdentifier>
    </Filter>
    <Filter Include="Header Files\gui\timemode_screen">
      <UniqueIdentifier>F1F6C450-8AAF-C493-187D-5742890CE007</UniqueIdentifier>
    </Filter>
    <Filter Include="Header Files\gui\freqmode_screen">
      <UniqueIdentifier>CC963AE5-465E-219A-7D94-E27860430464</UniqueIdentifier>
    </Filter>
    <Filter Include="Source Files\gui\freqmode_screen">
      <UniqueIdentifier>391831E8-47EF-6B41-7F69-C808BBED28C5</UniqueIdentifier>
    </Filter>
    <Filter Include="Source Files\gui\timemode_screen">
      <UniqueIdentifier>4E5B86D0-1584-2E68-F757-6BE84ECB56A1</UniqueIdentifier>
    </Filter>
    <Filter Include="Source Files\generated\gui_generated\freqmode_screen">
      <UniqueIdentifier>E54366F9-6C3A-6B9A-E297-BFEA473DF12F</UniqueIdentifier>
    </Filter>
    <Filter Include="Header Files\generated\gui_generated\freqmode_screen">
      <UniqueIdentifier>790E6017-8A6C-39C0-43B3-BA625B1754A9</UniqueIdentifier>
    </Filter>
    <Filter Include="Source Files\generated\gui_generated\timemode_screen">
      <UniqueIdentifier>7D3E09A6-5DDC-4AAF-F04F-54848C12F264</UniqueIdentifier>
    </Filter>
    <Filter Include="Header Files\generated\gui_generated\timemode_screen">
      <UniqueIdentifier>DF47DE68-1AB1-8144-D6EF-84D2C15A9E9B</UniqueIdentifier>
    </Filter>
    <Filter Include="Source Files\gui\timemodeconfig_screen">
      <UniqueIdentifier>5FD2D3DA-C284-E619-2956-BC7A14DD15C0</UniqueIdentifier>
    </Filter>
    <Filter Include="Header Files\gui\timemodeconfig_screen">
      <UniqueIdentifier>39F181A1-EDFE-EABC-948A-13DCD944CC5C</UniqueIdentifier>
    </Filter>
    <Filter Include="Source Files\generated\gui_generated\timemodeconfig_screen">
      <UniqueIdentifier>C6F1FFC2-042F-7B9B-5C5F-7902BF12E27B</UniqueIdentifier>
    </Filter>
    <Filter Include="Header Files\generated\gui_generated\timemodeconfig_screen">
      <UniqueIdentifier>38024F27-C4E5-6AD2-A3AA-090DC46C8F0E</UniqueIdentifier>
    </Filter>
    <Filter Include="Header Files\gui\freqmodeconfig_screen">
      <UniqueIdentifier>E1DE5CBF-0878-198D-A2C9-80DD383BF848</UniqueIdentifier>
    </Filter>
    <Filter Include="Source Files\gui\freqmodeconfig_screen">
      <UniqueIdentifier>9E90ECC6-5EC0-F200-2978-1690707735D2</UniqueIdentifier>
    </Filter>
    <Filter Include="Source Files\generated\gui_generated\freqmodeconfig_screen">
      <UniqueIdentifier>A7EF44B4-449D-DD05-3249-E1CAED33D047</UniqueIdentifier>
    </Filter>
    <Filter Include="Header Files\generated\gui_generated\freqmodeconfig_screen">
      <UniqueIdentifier>3FC87212-D720-B723-2370-92B797E2CD0D</UniqueIdentifier>
    </Filter>
    <Filter Include="Header Files\gui\containers">
      <UniqueIdentifier>7A1A0547-5B84-B5CD-C462-146E49DC8CE0</UniqueIdentifier>
    </Filter>
    <Filter Include="Source Files\gui\containers">
      <UniqueIdentifier>396DEE55-BBCF-D50E-2A35-7760D565033A</UniqueIdentifier>
    </Filter>
    <Filter Include="Source Files\generated\gui_generated\containers">
      <UniqueIdentifier>613C4734-D376-F2DF-6849-F1F34D25CD2B</UniqueIdentifier>
    </Filter>
    <Filter Include="Header Files\generated\gui_generated\containers">
      <UniqueIdentifier>FA2FF8A2-386B-7175-3A7E-FA61534FDCE6</UniqueIdentifier>
    </Filter>
    <Filter Include="Source Files\gui\lib">
      <UniqueIdentifier>3F5E6094-F1DA-7EC1-5A58-87B4212551B7</UniqueIdentifier>
    </Filter>
    <Filter Include="Header Files\gui\lib">
      <UniqueIdentifier>7150B4B7-2A6D-78CC-62E9-D95D94EF58C6</UniqueIdentifier>
    </Filter>
    <Filter Include="Source Files\gui\timehistogram_screen">
      <UniqueIdentifier>DD1BB350-7003-19A4-C4C4-790EE85D8D24</UniqueIdentifier>
    </Filter>
    <Filter Include="Header Files\gui\timehistogram_screen">
      <UniqueIdentifier>3EA43124-406C-7B4E-5FF0-244856FE7D56</UniqueIdentifier>
    </Filter>
    <Filter Include="Header Files\generated\gui_generated\timehistogram_screen">
      <UniqueIdentifier>B2C1A7FA-553C-23D9-7B07-744F76D2CFE3</UniqueIdentifier>
    </Filter>
    <Filter Include="Source Files\generated\gui_generated\timehistogram_screen">
      <UniqueIdentifier>E332D233-980C-8F18-61E4-6D6418459FEB</UniqueIdentifier>
    </Filter>
    <Filter Include="Header Files\gui\timegraphti1_screen">
      <UniqueIdentifier>760791F2-D402-AAFF-1751-C46D1513A27F</UniqueIdentifier>
    </Filter>
    <Filter Include="Source Files\gui\timegraphti1_screen">
      <UniqueIdentifier>C809A4BC-429C-20C2-7D0E-DD77AD091016</UniqueIdentifier>
    </Filter>
    <Filter Include="Header Files\generated\gui_generated\timegraphti1_screen">
      <UniqueIdentifier>5D6A5282-1004-DB29-4C21-2D738CED9290</UniqueIdentifier>
    </Filter>
    <Filter Include="Source Files\generated\gui_generated\timegraphti1_screen">
      <UniqueIdentifier>5CE92E72-D7B7-E46C-A9E3-9C5434128EF6</UniqueIdentifier>
    </Filter>
    <Filter Include="Source Files\gui\freqgraph_screen">
      <UniqueIdentifier>64A7AFE9-6076-E946-26E9-2AEC93FB252B</UniqueIdentifier>
    </Filter>
    <Filter Include="Header Files\gui\freqgraph_screen">
      <UniqueIdentifier>C4D585E6-9269-458C-0E0A-B7E8DA3A696F</UniqueIdentifier>
    </Filter>
    <Filter Include="Source Files\gui\freqhistogram_screen">
      <UniqueIdentifier>8F1F441D-5397-E73E-1C40-A1FDE371F22C</UniqueIdentifier>
    </Filter>
    <Filter Include="Header Files\gui\freqhistogram_screen">
      <UniqueIdentifier>8FAF6AA9-315B-C318-2F7C-1BD7E0223720</UniqueIdentifier>
    </Filter>
    <Filter Include="Source Files\generated\gui_generated\freqhistogram_screen">
      <UniqueIdentifier>20878855-F9F0-B186-D089-4BCA03507A05</UniqueIdentifier>
    </Filter>
    <Filter Include="Source Files\generated\gui_generated\freqgraph_screen">
      <UniqueIdentifier>F2442BE8-4BAE-ABB0-C907-6FA8D0DA1C85</UniqueIdentifier>
    </Filter>
    <Filter Include="Header Files\generated\gui_generated\freqgraph_screen">
      <UniqueIdentifier>56BA4C2A-FB7F-4338-ED2D-55BC603651AD</UniqueIdentifier>
    </Filter>
    <Filter Include="Header Files\generated\gui_generated\freqhistogram_screen">
      <UniqueIdentifier>4CE3EA89-1B72-CBCB-0947-665C9F436852</UniqueIdentifier>
    </Filter>
    <Filter Include="Header Files\gui\about_screen">
      <UniqueIdentifier>12067752-3A54-B214-8699-4D36CFA8F921</UniqueIdentifier>
    </Filter>
    <Filter Include="Source Files\gui\about_screen">
      <UniqueIdentifier>1B77DB21-EFFC-A844-6866-81875A0CBE3F</UniqueIdentifier>
    </Filter>
    <Filter Include="Source Files\generated\gui_generated\about_screen">
      <UniqueIdentifier>DE1FAC76-B38D-7E20-2D27-9A6CA9BE40AA</UniqueIdentifier>
    </Filter>
    <Filter Include="Header Files\generated\gui_generated\about_screen">
      <UniqueIdentifier>6BBA7105-AA66-46FE-7945-48EA7B49AFF2</UniqueIdentifier>
    </Filter>
  </ItemGroup>
  <ItemGroup>
    <ClCompile Include="$(TouchGFXReleasePath)\framework\source\platform\driver\touch\SDL2TouchController.cpp">
      <Filter>Source Files\TouchGFX\platform\driver\touch</Filter>
    </ClCompile>
    <ClCompile Include="$(TouchGFXReleasePath)\framework\source\platform\hal\simulator\sdl2\HALSDL2.cpp">
      <Filter>Source Files\TouchGFX\platform\hal\simulator\sdl2</Filter>
    </ClCompile>
    <ClCompile Include="$(TouchGFXReleasePath)\framework\source\platform\hal\simulator\sdl2\HALSDL2_icon.cpp">
      <Filter>Source Files\TouchGFX\platform\hal\simulator\sdl2</Filter>
    </ClCompile>
    <ClCompile Include="$(TouchGFXReleasePath)\framework\source\platform\hal\simulator\sdl2\OSWrappers.cpp">
      <Filter>Source Files\TouchGFX\platform\hal\simulator\sdl2</Filter>
    </ClCompile>
    <ClCompile Include="$(ApplicationRoot)\simulator\main.cpp">
      <Filter>Source Files\simulator</Filter>
    </ClCompile>
    <ClCompile Include="$(ApplicationRoot)\generated\simulator\src\mainBase.cpp">
      <Filter>Source Files\generated\simulator</Filter>
    </ClCompile>
    <ClCompile Include="..\..\gui\src\common\FrontendApplication.cpp">
      <Filter>Source Files\gui\common</Filter>
    </ClCompile>
    <ClCompile Include="..\..\generated\gui_generated\src\common\FrontendApplicationBase.cpp">
      <Filter>Source Files\generated\gui_generated\common</Filter>
    </ClCompile>
    <ClCompile Include="..\..\gui\src\model\Model.cpp">
      <Filter>Source Files\gui\model</Filter>
    </ClCompile>
    <ClCompile Include="..\..\gui\src\calibrationprogressbar_screen\CalibrationProgressBarPresenter.cpp">
      <Filter>Source Files\gui\calibrationprogressbar_screen</Filter>
    </ClCompile>
    <ClCompile Include="..\..\gui\src\calibrationprogressbar_screen\CalibrationProgressBarView.cpp">
      <Filter>Source Files\gui\calibrationprogressbar_screen</Filter>
    </ClCompile>
    <ClCompile Include="..\..\generated\gui_generated\src\calibrationprogressbar_screen\CalibrationProgressBarViewBase.cpp">
      <Filter>Source Files\generated\gui_generated\calibrationprogressbar_screen</Filter>
    </ClCompile>
    <ClCompile Include="..\..\gui\src\menu_screen\MenuPresenter.cpp">
      <Filter>Source Files\gui\menu_screen</Filter>
    </ClCompile>
    <ClCompile Include="..\..\gui\src\menu_screen\MenuView.cpp">
      <Filter>Source Files\gui\menu_screen</Filter>
    </ClCompile>
    <ClCompile Include="..\..\generated\gui_generated\src\menu_screen\MenuViewBase.cpp">
      <Filter>Source Files\generated\gui_generated\menu_screen</Filter>
    </ClCompile>
    <ClCompile Include="..\..\gui\src\freqmode_screen\FreqModePresenter.cpp">
      <Filter>Source Files\gui\freqmode_screen</Filter>
    </ClCompile>
    <ClCompile Include="..\..\gui\src\freqmode_screen\FreqModeView.cpp">
      <Filter>Source Files\gui\freqmode_screen</Filter>
    </ClCompile>
    <ClCompile Include="..\..\generated\gui_generated\src\freqmode_screen\FreqModeViewBase.cpp">
      <Filter>Source Files\generated\gui_generated\freqmode_screen</Filter>
    </ClCompile>
    <ClCompile Include="..\..\gui\src\timemode_screen\TimeModePresenter.cpp">
      <Filter>Source Files\gui\timemode_screen</Filter>
    </ClCompile>
    <ClCompile Include="..\..\gui\src\timemode_screen\TimeModeView.cpp">
      <Filter>Source Files\gui\timemode_screen</Filter>
    </ClCompile>
    <ClCompile Include="..\..\generated\gui_generated\src\timemode_screen\TimeModeViewBase.cpp">
      <Filter>Source Files\generated\gui_generated\timemode_screen</Filter>
    </ClCompile>
    <ClCompile Include="..\..\gui\src\timemodeconfig_screen\TimeModeConfigPresenter.cpp">
      <Filter>Source Files\gui\timemodeconfig_screen</Filter>
    </ClCompile>
    <ClCompile Include="..\..\gui\src\timemodeconfig_screen\TimeModeConfigView.cpp">
      <Filter>Source Files\gui\timemodeconfig_screen</Filter>
    </ClCompile>
    <ClCompile Include="..\..\generated\gui_generated\src\timemodeconfig_screen\TimeModeConfigViewBase.cpp">
      <Filter>Source Files\generated\gui_generated\timemodeconfig_screen</Filter>
    </ClCompile>
    <ClCompile Include="..\..\gui\src\freqmodeconfig_screen\FreqModeConfigPresenter.cpp">
      <Filter>Source Files\gui\freqmodeconfig_screen</Filter>
    </ClCompile>
    <ClCompile Include="..\..\gui\src\freqmodeconfig_screen\FreqModeConfigView.cpp">
      <Filter>Source Files\gui\freqmodeconfig_screen</Filter>
    </ClCompile>
    <ClCompile Include="..\..\generated\gui_generated\src\freqmodeconfig_screen\FreqModeConfigViewBase.cpp">
      <Filter>Source Files\generated\gui_generated\freqmodeconfig_screen</Filter>
    </ClCompile>
    <ClCompile Include="..\..\gui\src\containers\ChannelContainer.cpp">
      <Filter>Source Files\gui\containers</Filter>
    </ClCompile>
    <ClCompile Include="..\..\generated\gui_generated\src\containers\ChannelContainerBase.cpp">
      <Filter>Source Files\generated\gui_generated\containers</Filter>
    </ClCompile>
    <ClCompile Include="..\..\gui\src\containers\ChannelContainerCenter.cpp">
      <Filter>Source Files\gui\containers</Filter>
    </ClCompile>
    <ClCompile Include="..\..\generated\gui_generated\src\containers\ChannelContainerCenterBase.cpp">
      <Filter>Source Files\generated\gui_generated\containers</Filter>
    </ClCompile>
    <ClCompile Include="..\..\gui\src\lib\TimeModeParameter.cpp">
      <Filter>Source Files\gui\lib</Filter>
    </ClCompile>
    <ClCompile Include="..\..\gui\src\lib\SessionSetup.cpp">
      <Filter>Source Files\gui\lib</Filter>
    </ClCompile>
    <ClCompile Include="..\..\gui\src\lib\FreqModeParameter.cpp">
      <Filter>Source Files\gui\lib</Filter>
    </ClCompile>
    <ClCompile Include="..\..\gui\src\timehistogram_screen\TimeHistogramPresenter.cpp">
      <Filter>Source Files\gui\timehistogram_screen</Filter>
    </ClCompile>
    <ClCompile Include="..\..\gui\src\timehistogram_screen\TimeHistogramView.cpp">
      <Filter>Source Files\gui\timehistogram_screen</Filter>
    </ClCompile>
    <ClCompile Include="..\..\generated\gui_generated\src\timehistogram_screen\TimeHistogramViewBase.cpp">
      <Filter>Source Files\generated\gui_generated\timehistogram_screen</Filter>
    </ClCompile>
    <ClCompile Include="..\..\gui\src\timegraphti1_screen\TimeGraphTi1Presenter.cpp">
      <Filter>Source Files\gui\timegraphti1_screen</Filter>
    </ClCompile>
    <ClCompile Include="..\..\gui\src\timegraphti1_screen\TimeGraphTi1View.cpp">
      <Filter>Source Files\gui\timegraphti1_screen</Filter>
    </ClCompile>
    <ClCompile Include="..\..\generated\gui_generated\src\timegraphti1_screen\TimeGraphTi1ViewBase.cpp">
      <Filter>Source Files\generated\gui_generated\timegraphti1_screen</Filter>
    </ClCompile>
    <ClCompile Include="..\..\gui\src\freqgraph_screen\FreqGraphPresenter.cpp">
      <Filter>Source Files\gui\freqgraph_screen</Filter>
    </ClCompile>
    <ClCompile Include="..\..\gui\src\freqgraph_screen\FreqGraphView.cpp">
      <Filter>Source Files\gui\freqgraph_screen</Filter>
    </ClCompile>
    <ClCompile Include="..\..\generated\gui_generated\src\freqgraph_screen\FreqGraphViewBase.cpp">
      <Filter>Source Files\generated\gui_generated\freqgraph_screen</Filter>
    </ClCompile>
    <ClCompile Include="..\..\gui\src\freqhistogram_screen\FreqHistogramPresenter.cpp">
      <Filter>Source Files\gui\freqhistogram_screen</Filter>
    </ClCompile>
    <ClCompile Include="..\..\gui\src\freqhistogram_screen\FreqHistogramView.cpp">
      <Filter>Source Files\gui\freqhistogram_screen</Filter>
    </ClCompile>
    <ClCompile Include="..\..\generated\gui_generated\src\freqhistogram_screen\FreqHistogramViewBase.cpp">
      <Filter>Source Files\generated\gui_generated\freqhistogram_screen</Filter>
    </ClCompile>
    <ClCompile Include="..\..\gui\src\about_screen\AboutPresenter.cpp">
      <Filter>Source Files\gui\about_screen</Filter>
    </ClCompile>
    <ClCompile Include="..\..\gui\src\about_screen\AboutView.cpp">
      <Filter>Source Files\gui\about_screen</Filter>
    </ClCompile>
    <ClCompile Include="..\..\generated\gui_generated\src\about_screen\AboutViewBase.cpp">
      <Filter>Source Files\generated\gui_generated\about_screen</Filter>
    </ClCompile>
  </ItemGroup>
  <ItemGroup>
    <None Include="$(ApplicationRoot)\assets\texts\texts.xlsx">
      <Filter>Resource Files\assets\texts</Filter>
    </None>
    <None Include="$(ApplicationRoot)\config\msvs\Application.props">
      <Filter>Resource Files\config\msvs</Filter>
    </None>
  </ItemGroup>
  <ItemGroup>
    <ClInclude Include="$(TouchGFXReleasePath)\framework\include\common\AbstractPartition.hpp">
      <Filter>Header Files\TouchGFX\common</Filter>
    </ClInclude>
    <ClInclude Include="$(TouchGFXReleasePath)\framework\include\common\Meta.hpp">
      <Filter>Header Files\TouchGFX\common</Filter>
    </ClInclude>
    <ClInclude Include="$(TouchGFXReleasePath)\framework\include\common\Partition.hpp">
      <Filter>Header Files\TouchGFX\common</Filter>
    </ClInclude>
    <ClInclude Include="$(TouchGFXReleasePath)\framework\include\common\TouchGFXInit.hpp">
      <Filter>Header Files\TouchGFX\common</Filter>
    </ClInclude>
    <ClInclude Include="$(TouchGFXReleasePath)\framework\include\mvp\MVPApplication.hpp">
      <Filter>Header Files\TouchGFX\mvp</Filter>
    </ClInclude>
    <ClInclude Include="$(TouchGFXReleasePath)\framework\include\mvp\MVPHeap.hpp">
      <Filter>Header Files\TouchGFX\mvp</Filter>
    </ClInclude>
    <ClInclude Include="$(TouchGFXReleasePath)\framework\include\mvp\Presenter.hpp">
      <Filter>Header Files\TouchGFX\mvp</Filter>
    </ClInclude>
    <ClInclude Include="$(TouchGFXReleasePath)\framework\include\mvp\View.hpp">
      <Filter>Header Files\TouchGFX\mvp</Filter>
    </ClInclude>
    <ClInclude Include="$(TouchGFXReleasePath)\framework\include\platform\driver\lcd\LCD16bpp.hpp">
      <Filter>Header Files\TouchGFX\platform\driver\lcd</Filter>
    </ClInclude>
    <ClInclude Include="$(TouchGFXReleasePath)\framework\include\platform\driver\lcd\LCD1bpp.hpp">
      <Filter>Header Files\TouchGFX\platform\driver\lcd</Filter>
    </ClInclude>
    <ClInclude Include="$(TouchGFXReleasePath)\framework\include\platform\driver\lcd\LCD24bpp.hpp">
      <Filter>Header Files\TouchGFX\platform\driver\lcd</Filter>
    </ClInclude>
    <ClInclude Include="$(TouchGFXReleasePath)\framework\include\platform\driver\lcd\LCD2bpp.hpp">
      <Filter>Header Files\TouchGFX\platform\driver\lcd</Filter>
    </ClInclude>
    <ClInclude Include="$(TouchGFXReleasePath)\framework\include\platform\driver\lcd\LCD4bpp.hpp">
      <Filter>Header Files\TouchGFX\platform\driver\lcd</Filter>
    </ClInclude>
    <ClInclude Include="$(TouchGFXReleasePath)\framework\include\platform\driver\touch\SDL2TouchController.hpp">
      <Filter>Header Files\TouchGFX\platform\driver\touch</Filter>
    </ClInclude>
    <ClInclude Include="$(TouchGFXReleasePath)\framework\include\platform\hal\simulator\sdl2\HALSDL2.hpp">
      <Filter>Header Files\TouchGFX\platform\hal\simulator\sdl2</Filter>
    </ClInclude>
    <ClInclude Include="$(TouchGFXReleasePath)\framework\include\touchgfx\Application.hpp">
      <Filter>Header Files\TouchGFX\touchgfx</Filter>
    </ClInclude>
    <ClInclude Include="$(TouchGFXReleasePath)\framework\include\touchgfx\Bitmap.hpp">
      <Filter>Header Files\TouchGFX\touchgfx</Filter>
    </ClInclude>
    <ClInclude Include="$(TouchGFXReleasePath)\framework\include\touchgfx\Callback.hpp">
      <Filter>Header Files\TouchGFX\touchgfx</Filter>
    </ClInclude>
    <ClInclude Include="$(TouchGFXReleasePath)\framework\include\touchgfx\canvas_widget_renderer\CanvasWidgetRenderer.hpp">
      <Filter>Header Files\TouchGFX\touchgfx\canvas_widget_renderer</Filter>
    </ClInclude>
    <ClInclude Include="$(TouchGFXReleasePath)\framework\include\touchgfx\canvas_widget_renderer\Cell.hpp">
      <Filter>Header Files\TouchGFX\touchgfx\canvas_widget_renderer</Filter>
    </ClInclude>
    <ClInclude Include="$(TouchGFXReleasePath)\framework\include\touchgfx\canvas_widget_renderer\Outline.hpp">
      <Filter>Header Files\TouchGFX\touchgfx\canvas_widget_renderer</Filter>
    </ClInclude>
    <ClInclude Include="$(TouchGFXReleasePath)\framework\include\touchgfx\canvas_widget_renderer\Rasterizer.hpp">
      <Filter>Header Files\TouchGFX\touchgfx\canvas_widget_renderer</Filter>
    </ClInclude>
    <ClInclude Include="$(TouchGFXReleasePath)\framework\include\touchgfx\canvas_widget_renderer\Renderer.hpp">
      <Filter>Header Files\TouchGFX\touchgfx\canvas_widget_renderer</Filter>
    </ClInclude>
    <ClInclude Include="$(TouchGFXReleasePath)\framework\include\touchgfx\canvas_widget_renderer\RenderingBuffer.hpp">
      <Filter>Header Files\TouchGFX\touchgfx\canvas_widget_renderer</Filter>
    </ClInclude>
    <ClInclude Include="$(TouchGFXReleasePath)\framework\include\touchgfx\canvas_widget_renderer\RGBA8.hpp">
      <Filter>Header Files\TouchGFX\touchgfx\canvas_widget_renderer</Filter>
    </ClInclude>
    <ClInclude Include="$(TouchGFXReleasePath)\framework\include\touchgfx\canvas_widget_renderer\Scanline.hpp">
      <Filter>Header Files\TouchGFX\touchgfx\canvas_widget_renderer</Filter>
    </ClInclude>
    <ClInclude Include="$(TouchGFXReleasePath)\framework\include\touchgfx\Color.hpp">
      <Filter>Header Files\TouchGFX\touchgfx</Filter>
    </ClInclude>
    <ClInclude Include="$(TouchGFXReleasePath)\framework\include\touchgfx\ConstFont.hpp">
      <Filter>Header Files\TouchGFX\touchgfx</Filter>
    </ClInclude>
    <ClInclude Include="$(TouchGFXReleasePath)\framework\include\touchgfx\containers\clock\AbstractClock.hpp">
      <Filter>Header Files\TouchGFX\touchgfx\containers\clock</Filter>
    </ClInclude>
    <ClInclude Include="$(TouchGFXReleasePath)\framework\include\touchgfx\containers\clock\AnalogClock.hpp">
      <Filter>Header Files\TouchGFX\touchgfx\containers\clock</Filter>
    </ClInclude>
    <ClInclude Include="$(TouchGFXReleasePath)\framework\include\touchgfx\containers\clock\DigitalClock.hpp">
      <Filter>Header Files\TouchGFX\touchgfx\containers\clock</Filter>
    </ClInclude>
    <ClInclude Include="$(TouchGFXReleasePath)\framework\include\touchgfx\containers\Container.hpp">
      <Filter>Header Files\TouchGFX\touchgfx\containers</Filter>
    </ClInclude>
    <ClInclude Include="$(TouchGFXReleasePath)\framework\include\touchgfx\containers\ListLayout.hpp">
      <Filter>Header Files\TouchGFX\touchgfx\containers</Filter>
    </ClInclude>
    <ClInclude Include="$(TouchGFXReleasePath)\framework\include\touchgfx\containers\ModalWindow.hpp">
      <Filter>Header Files\TouchGFX\touchgfx\containers</Filter>
    </ClInclude>
    <ClInclude Include="$(TouchGFXReleasePath)\framework\include\touchgfx\containers\progress_indicators\AbstractDirectionProgress.hpp">
      <Filter>Header Files\TouchGFX\touchgfx\containers\progress_indicators</Filter>
    </ClInclude>
    <ClInclude Include="$(TouchGFXReleasePath)\framework\include\touchgfx\containers\progress_indicators\AbstractProgressIndicator.hpp">
      <Filter>Header Files\TouchGFX\touchgfx\containers\progress_indicators</Filter>
    </ClInclude>
    <ClInclude Include="$(TouchGFXReleasePath)\framework\include\touchgfx\containers\progress_indicators\BoxProgress.hpp">
      <Filter>Header Files\TouchGFX\touchgfx\containers\progress_indicators</Filter>
    </ClInclude>
    <ClInclude Include="$(TouchGFXReleasePath)\framework\include\touchgfx\containers\progress_indicators\CircleProgress.hpp">
      <Filter>Header Files\TouchGFX\touchgfx\containers\progress_indicators</Filter>
    </ClInclude>
    <ClInclude Include="$(TouchGFXReleasePath)\framework\include\touchgfx\containers\progress_indicators\ImageProgress.hpp">
      <Filter>Header Files\TouchGFX\touchgfx\containers\progress_indicators</Filter>
    </ClInclude>
    <ClInclude Include="$(TouchGFXReleasePath)\framework\include\touchgfx\containers\progress_indicators\LineProgress.hpp">
      <Filter>Header Files\TouchGFX\touchgfx\containers\progress_indicators</Filter>
    </ClInclude>
    <ClInclude Include="$(TouchGFXReleasePath)\framework\include\touchgfx\containers\progress_indicators\TextProgress.hpp">
      <Filter>Header Files\TouchGFX\touchgfx\containers\progress_indicators</Filter>
    </ClInclude>
    <ClInclude Include="$(TouchGFXReleasePath)\framework\include\touchgfx\containers\ScrollableContainer.hpp">
      <Filter>Header Files\TouchGFX\touchgfx\containers</Filter>
    </ClInclude>
    <ClInclude Include="$(TouchGFXReleasePath)\framework\include\touchgfx\containers\SlideMenu.hpp">
      <Filter>Header Files\TouchGFX\touchgfx\containers</Filter>
    </ClInclude>
    <ClInclude Include="$(TouchGFXReleasePath)\framework\include\touchgfx\containers\Slider.hpp">
      <Filter>Header Files\TouchGFX\touchgfx\containers</Filter>
    </ClInclude>
    <ClInclude Include="$(TouchGFXReleasePath)\framework\include\touchgfx\containers\ZoomAnimationImage.hpp">
      <Filter>Header Files\TouchGFX\touchgfx\containers</Filter>
    </ClInclude>
    <ClInclude Include="$(TouchGFXReleasePath)\framework\include\touchgfx\Drawable.hpp">
      <Filter>Header Files\TouchGFX\touchgfx</Filter>
    </ClInclude>
    <ClInclude Include="$(TouchGFXReleasePath)\framework\include\touchgfx\EasingEquations.hpp">
      <Filter>Header Files\TouchGFX\touchgfx</Filter>
    </ClInclude>
    <ClInclude Include="$(TouchGFXReleasePath)\framework\include\touchgfx\Event.hpp">
      <Filter>Header Files\TouchGFX\touchgfx</Filter>
    </ClInclude>
    <ClInclude Include="$(TouchGFXReleasePath)\framework\include\touchgfx\events\ClickEvent.hpp">
      <Filter>Header Files\TouchGFX\touchgfx\events</Filter>
    </ClInclude>
    <ClInclude Include="$(TouchGFXReleasePath)\framework\include\touchgfx\events\DragEvent.hpp">
      <Filter>Header Files\TouchGFX\touchgfx\events</Filter>
    </ClInclude>
    <ClInclude Include="$(TouchGFXReleasePath)\framework\include\touchgfx\events\GestureEvent.hpp">
      <Filter>Header Files\TouchGFX\touchgfx\events</Filter>
    </ClInclude>
    <ClInclude Include="$(TouchGFXReleasePath)\framework\include\touchgfx\Font.hpp">
      <Filter>Header Files\TouchGFX\touchgfx</Filter>
    </ClInclude>
    <ClInclude Include="$(TouchGFXReleasePath)\framework\include\touchgfx\FontManager.hpp">
      <Filter>Header Files\TouchGFX\touchgfx</Filter>
    </ClInclude>
    <ClInclude Include="$(TouchGFXReleasePath)\framework\include\touchgfx\hal\Atomic.hpp">
      <Filter>Header Files\TouchGFX\touchgfx\hal</Filter>
    </ClInclude>
    <ClInclude Include="$(TouchGFXReleasePath)\framework\include\touchgfx\hal\BlitOp.hpp">
      <Filter>Header Files\TouchGFX\touchgfx\hal</Filter>
    </ClInclude>
    <ClInclude Include="$(TouchGFXReleasePath)\framework\include\touchgfx\hal\BoardConfiguration.hpp">
      <Filter>Header Files\TouchGFX\touchgfx\hal</Filter>
    </ClInclude>
    <ClInclude Include="$(TouchGFXReleasePath)\framework\include\touchgfx\hal\Buttons.hpp">
      <Filter>Header Files\TouchGFX\touchgfx\hal</Filter>
    </ClInclude>
    <ClInclude Include="$(TouchGFXReleasePath)\framework\include\touchgfx\hal\Config.hpp">
      <Filter>Header Files\TouchGFX\touchgfx\hal</Filter>
    </ClInclude>
    <ClInclude Include="$(TouchGFXReleasePath)\framework\include\touchgfx\hal\DMA.hpp">
      <Filter>Header Files\TouchGFX\touchgfx\hal</Filter>
    </ClInclude>
    <ClInclude Include="$(TouchGFXReleasePath)\framework\include\touchgfx\hal\Gestures.hpp">
      <Filter>Header Files\TouchGFX\touchgfx\hal</Filter>
    </ClInclude>
    <ClInclude Include="$(TouchGFXReleasePath)\framework\include\touchgfx\hal\GPIO.hpp">
      <Filter>Header Files\TouchGFX\touchgfx\hal</Filter>
    </ClInclude>
    <ClInclude Include="$(TouchGFXReleasePath)\framework\include\touchgfx\hal\HAL.hpp">
      <Filter>Header Files\TouchGFX\touchgfx\hal</Filter>
    </ClInclude>
    <ClInclude Include="$(TouchGFXReleasePath)\framework\include\touchgfx\hal\LED.hpp">
      <Filter>Header Files\TouchGFX\touchgfx\hal</Filter>
    </ClInclude>
    <ClInclude Include="$(TouchGFXReleasePath)\framework\include\touchgfx\hal\NoDMA.hpp">
      <Filter>Header Files\TouchGFX\touchgfx\hal</Filter>
    </ClInclude>
    <ClInclude Include="$(TouchGFXReleasePath)\framework\include\touchgfx\hal\OSWrappers.hpp">
      <Filter>Header Files\TouchGFX\touchgfx\hal</Filter>
    </ClInclude>
    <ClInclude Include="$(TouchGFXReleasePath)\framework\include\touchgfx\hal\Types.hpp">
      <Filter>Header Files\TouchGFX\touchgfx\hal</Filter>
    </ClInclude>
    <ClInclude Include="$(TouchGFXReleasePath)\framework\include\touchgfx\InternalFlashFont.hpp">
      <Filter>Header Files\TouchGFX\touchgfx</Filter>
    </ClInclude>
    <ClInclude Include="$(TouchGFXReleasePath)\framework\include\touchgfx\JSMOCHelper.hpp">
      <Filter>Header Files\TouchGFX\touchgfx</Filter>
    </ClInclude>
    <ClInclude Include="$(TouchGFXReleasePath)\framework\include\touchgfx\lcd\LCD.hpp">
      <Filter>Header Files\TouchGFX\touchgfx\lcd</Filter>
    </ClInclude>
    <ClInclude Include="$(TouchGFXReleasePath)\framework\include\touchgfx\Math3D.hpp">
      <Filter>Header Files\TouchGFX\touchgfx</Filter>
    </ClInclude>
    <ClInclude Include="$(TouchGFXReleasePath)\framework\include\touchgfx\mixins\ClickListener.hpp">
      <Filter>Header Files\TouchGFX\touchgfx\mixins</Filter>
    </ClInclude>
    <ClInclude Include="$(TouchGFXReleasePath)\framework\include\touchgfx\mixins\Draggable.hpp">
      <Filter>Header Files\TouchGFX\touchgfx\mixins</Filter>
    </ClInclude>
    <ClInclude Include="$(TouchGFXReleasePath)\framework\include\touchgfx\mixins\FadeAnimator.hpp">
      <Filter>Header Files\TouchGFX\touchgfx\mixins</Filter>
    </ClInclude>
    <ClInclude Include="$(TouchGFXReleasePath)\framework\include\touchgfx\mixins\MoveAnimator.hpp">
      <Filter>Header Files\TouchGFX\touchgfx\mixins</Filter>
    </ClInclude>
    <ClInclude Include="$(TouchGFXReleasePath)\framework\include\touchgfx\mixins\PreRenderable.hpp">
      <Filter>Header Files\TouchGFX\touchgfx\mixins</Filter>
    </ClInclude>
    <ClInclude Include="$(TouchGFXReleasePath)\framework\include\touchgfx\mixins\Snapper.hpp">
      <Filter>Header Files\TouchGFX\touchgfx\mixins</Filter>
    </ClInclude>
    <ClInclude Include="$(TouchGFXReleasePath)\framework\include\touchgfx\Screen.hpp">
      <Filter>Header Files\TouchGFX\touchgfx</Filter>
    </ClInclude>
    <ClInclude Include="$(TouchGFXReleasePath)\framework\include\touchgfx\TextProvider.hpp">
      <Filter>Header Files\TouchGFX\touchgfx</Filter>
    </ClInclude>
    <ClInclude Include="$(TouchGFXReleasePath)\framework\include\touchgfx\Texts.hpp">
      <Filter>Header Files\TouchGFX\touchgfx</Filter>
    </ClInclude>
    <ClInclude Include="$(TouchGFXReleasePath)\framework\include\touchgfx\TextureMapTypes.hpp">
      <Filter>Header Files\TouchGFX\touchgfx</Filter>
    </ClInclude>
    <ClInclude Include="$(TouchGFXReleasePath)\framework\include\touchgfx\transforms\DisplayTransformation.hpp">
      <Filter>Header Files\TouchGFX\touchgfx\transforms</Filter>
    </ClInclude>
    <ClInclude Include="$(TouchGFXReleasePath)\framework\include\touchgfx\transforms\TouchCalibration.hpp">
      <Filter>Header Files\TouchGFX\touchgfx\transforms</Filter>
    </ClInclude>
    <ClInclude Include="$(TouchGFXReleasePath)\framework\include\touchgfx\transitions\NoTransition.hpp">
      <Filter>Header Files\TouchGFX\touchgfx\transitions</Filter>
    </ClInclude>
    <ClInclude Include="$(TouchGFXReleasePath)\framework\include\touchgfx\transitions\SlideTransition.hpp">
      <Filter>Header Files\TouchGFX\touchgfx\transitions</Filter>
    </ClInclude>
    <ClInclude Include="$(TouchGFXReleasePath)\framework\include\touchgfx\transitions\Transition.hpp">
      <Filter>Header Files\TouchGFX\touchgfx\transitions</Filter>
    </ClInclude>
    <ClInclude Include="$(TouchGFXReleasePath)\framework\include\touchgfx\TypedText.hpp">
      <Filter>Header Files\TouchGFX\touchgfx</Filter>
    </ClInclude>
    <ClInclude Include="$(TouchGFXReleasePath)\framework\include\touchgfx\UIEventListener.hpp">
      <Filter>Header Files\TouchGFX\touchgfx</Filter>
    </ClInclude>
    <ClInclude Include="$(TouchGFXReleasePath)\framework\include\touchgfx\Unicode.hpp">
      <Filter>Header Files\TouchGFX\touchgfx</Filter>
    </ClInclude>
    <ClInclude Include="$(TouchGFXReleasePath)\framework\include\touchgfx\Utils.hpp">
      <Filter>Header Files\TouchGFX\touchgfx</Filter>
    </ClInclude>
    <ClInclude Include="$(TouchGFXReleasePath)\framework\include\touchgfx\widgets\AbstractButton.hpp">
      <Filter>Header Files\TouchGFX\touchgfx\widgets</Filter>
    </ClInclude>
    <ClInclude Include="$(TouchGFXReleasePath)\framework\include\touchgfx\widgets\AnimatedImage.hpp">
      <Filter>Header Files\TouchGFX\touchgfx\widgets</Filter>
    </ClInclude>
    <ClInclude Include="$(TouchGFXReleasePath)\framework\include\touchgfx\widgets\AnimationTextureMapper.hpp">
      <Filter>Header Files\TouchGFX\touchgfx\widgets</Filter>
    </ClInclude>
    <ClInclude Include="$(TouchGFXReleasePath)\framework\include\touchgfx\widgets\Box.hpp">
      <Filter>Header Files\TouchGFX\touchgfx\widgets</Filter>
    </ClInclude>
    <ClInclude Include="$(TouchGFXReleasePath)\framework\include\touchgfx\widgets\Button.hpp">
      <Filter>Header Files\TouchGFX\touchgfx\widgets</Filter>
    </ClInclude>
    <ClInclude Include="$(TouchGFXReleasePath)\framework\include\touchgfx\widgets\ButtonWithIcon.hpp">
      <Filter>Header Files\TouchGFX\touchgfx\widgets</Filter>
    </ClInclude>
    <ClInclude Include="$(TouchGFXReleasePath)\framework\include\touchgfx\widgets\ButtonWithLabel.hpp">
      <Filter>Header Files\TouchGFX\touchgfx\widgets</Filter>
    </ClInclude>
    <ClInclude Include="$(TouchGFXReleasePath)\framework\include\touchgfx\widgets\canvas\AbstractPainter.hpp">
      <Filter>Header Files\TouchGFX\touchgfx\widgets\canvas</Filter>
    </ClInclude>
    <ClInclude Include="$(TouchGFXReleasePath)\framework\include\touchgfx\widgets\canvas\AbstractPainterBW.hpp">
      <Filter>Header Files\TouchGFX\touchgfx\widgets\canvas</Filter>
    </ClInclude>
    <ClInclude Include="$(TouchGFXReleasePath)\framework\include\touchgfx\widgets\canvas\AbstractPainterGRAY2.hpp">
      <Filter>Header Files\TouchGFX\touchgfx\widgets\canvas</Filter>
    </ClInclude>
    <ClInclude Include="$(TouchGFXReleasePath)\framework\include\touchgfx\widgets\canvas\AbstractPainterGRAY4.hpp">
      <Filter>Header Files\TouchGFX\touchgfx\widgets\canvas</Filter>
    </ClInclude>
    <ClInclude Include="$(TouchGFXReleasePath)\framework\include\touchgfx\widgets\canvas\AbstractPainterRGB565.hpp">
      <Filter>Header Files\TouchGFX\touchgfx\widgets\canvas</Filter>
    </ClInclude>
    <ClInclude Include="$(TouchGFXReleasePath)\framework\include\touchgfx\widgets\canvas\AbstractPainterRGB888.hpp">
      <Filter>Header Files\TouchGFX\touchgfx\widgets\canvas</Filter>
    </ClInclude>
    <ClInclude Include="$(TouchGFXReleasePath)\framework\include\touchgfx\widgets\canvas\AbstractShape.hpp">
      <Filter>Header Files\TouchGFX\touchgfx\widgets\canvas</Filter>
    </ClInclude>
    <ClInclude Include="$(TouchGFXReleasePath)\framework\include\touchgfx\widgets\canvas\Canvas.hpp">
      <Filter>Header Files\TouchGFX\touchgfx\widgets\canvas</Filter>
    </ClInclude>
    <ClInclude Include="$(TouchGFXReleasePath)\framework\include\touchgfx\widgets\canvas\CanvasWidget.hpp">
      <Filter>Header Files\TouchGFX\touchgfx\widgets\canvas</Filter>
    </ClInclude>
    <ClInclude Include="$(TouchGFXReleasePath)\framework\include\touchgfx\widgets\canvas\Circle.hpp">
      <Filter>Header Files\TouchGFX\touchgfx\widgets\canvas</Filter>
    </ClInclude>
    <ClInclude Include="$(TouchGFXReleasePath)\framework\include\touchgfx\widgets\canvas\CWRUtil.hpp">
      <Filter>Header Files\TouchGFX\touchgfx\widgets\canvas</Filter>
    </ClInclude>
    <ClInclude Include="$(TouchGFXReleasePath)\framework\include\touchgfx\widgets\canvas\Line.hpp">
      <Filter>Header Files\TouchGFX\touchgfx\widgets\canvas</Filter>
    </ClInclude>
    <ClInclude Include="$(TouchGFXReleasePath)\framework\include\touchgfx\widgets\canvas\PainterBW.hpp">
      <Filter>Header Files\TouchGFX\touchgfx\widgets\canvas</Filter>
    </ClInclude>
    <ClInclude Include="$(TouchGFXReleasePath)\framework\include\touchgfx\widgets\canvas\PainterGRAY2.hpp">
      <Filter>Header Files\TouchGFX\touchgfx\widgets\canvas</Filter>
    </ClInclude>
    <ClInclude Include="$(TouchGFXReleasePath)\framework\include\touchgfx\widgets\canvas\PainterGRAY2Bitmap.hpp">
      <Filter>Header Files\TouchGFX\touchgfx\widgets\canvas</Filter>
    </ClInclude>
    <ClInclude Include="$(TouchGFXReleasePath)\framework\include\touchgfx\widgets\canvas\PainterGRAY4.hpp">
      <Filter>Header Files\TouchGFX\touchgfx\widgets\canvas</Filter>
    </ClInclude>
    <ClInclude Include="$(TouchGFXReleasePath)\framework\include\touchgfx\widgets\canvas\PainterGRAY4Bitmap.hpp">
      <Filter>Header Files\TouchGFX\touchgfx\widgets\canvas</Filter>
    </ClInclude>
    <ClInclude Include="$(TouchGFXReleasePath)\framework\include\touchgfx\widgets\canvas\PainterRGB565.hpp">
      <Filter>Header Files\TouchGFX\touchgfx\widgets\canvas</Filter>
    </ClInclude>
    <ClInclude Include="$(TouchGFXReleasePath)\framework\include\touchgfx\widgets\canvas\PainterRGB565Bitmap.hpp">
      <Filter>Header Files\TouchGFX\touchgfx\widgets\canvas</Filter>
    </ClInclude>
    <ClInclude Include="$(TouchGFXReleasePath)\framework\include\touchgfx\widgets\canvas\PainterRGB888.hpp">
      <Filter>Header Files\TouchGFX\touchgfx\widgets\canvas</Filter>
    </ClInclude>
    <ClInclude Include="$(TouchGFXReleasePath)\framework\include\touchgfx\widgets\canvas\PainterRGB888Bitmap.hpp">
      <Filter>Header Files\TouchGFX\touchgfx\widgets\canvas</Filter>
    </ClInclude>
    <ClInclude Include="$(TouchGFXReleasePath)\framework\include\touchgfx\widgets\canvas\Shape.hpp">
      <Filter>Header Files\TouchGFX\touchgfx\widgets\canvas</Filter>
    </ClInclude>
    <ClInclude Include="$(TouchGFXReleasePath)\framework\include\touchgfx\widgets\Image.hpp">
      <Filter>Header Files\TouchGFX\touchgfx\widgets</Filter>
    </ClInclude>
    <ClInclude Include="$(TouchGFXReleasePath)\framework\include\touchgfx\widgets\Keyboard.hpp">
      <Filter>Header Files\TouchGFX\touchgfx\widgets</Filter>
    </ClInclude>
    <ClInclude Include="$(TouchGFXReleasePath)\framework\include\touchgfx\widgets\PixelDataWidget.hpp">
      <Filter>Header Files\TouchGFX\touchgfx\widgets</Filter>
    </ClInclude>
    <ClInclude Include="$(TouchGFXReleasePath)\framework\include\touchgfx\widgets\RadioButton.hpp">
      <Filter>Header Files\TouchGFX\touchgfx\widgets</Filter>
    </ClInclude>
    <ClInclude Include="$(TouchGFXReleasePath)\framework\include\touchgfx\widgets\RadioButtonGroup.hpp">
      <Filter>Header Files\TouchGFX\touchgfx\widgets</Filter>
    </ClInclude>
    <ClInclude Include="$(TouchGFXReleasePath)\framework\include\touchgfx\widgets\RepeatButton.hpp">
      <Filter>Header Files\TouchGFX\touchgfx\widgets</Filter>
    </ClInclude>
    <ClInclude Include="$(TouchGFXReleasePath)\framework\include\touchgfx\widgets\ScalableImage.hpp">
      <Filter>Header Files\TouchGFX\touchgfx\widgets</Filter>
    </ClInclude>
    <ClInclude Include="$(TouchGFXReleasePath)\framework\include\touchgfx\widgets\SnapshotWidget.hpp">
      <Filter>Header Files\TouchGFX\touchgfx\widgets</Filter>
    </ClInclude>
    <ClInclude Include="$(TouchGFXReleasePath)\framework\include\touchgfx\widgets\TextArea.hpp">
      <Filter>Header Files\TouchGFX\touchgfx\widgets</Filter>
    </ClInclude>
    <ClInclude Include="$(TouchGFXReleasePath)\framework\include\touchgfx\widgets\TextAreaWithWildcard.hpp">
      <Filter>Header Files\TouchGFX\touchgfx\widgets</Filter>
    </ClInclude>
    <ClInclude Include="$(TouchGFXReleasePath)\framework\include\touchgfx\widgets\TextureMapper.hpp">
      <Filter>Header Files\TouchGFX\touchgfx\widgets</Filter>
    </ClInclude>
    <ClInclude Include="$(TouchGFXReleasePath)\framework\include\touchgfx\widgets\TiledImage.hpp">
      <Filter>Header Files\TouchGFX\touchgfx\widgets</Filter>
    </ClInclude>
    <ClInclude Include="$(TouchGFXReleasePath)\framework\include\touchgfx\widgets\ToggleButton.hpp">
      <Filter>Header Files\TouchGFX\touchgfx\widgets</Filter>
    </ClInclude>
    <ClInclude Include="$(TouchGFXReleasePath)\framework\include\touchgfx\widgets\TouchArea.hpp">
      <Filter>Header Files\TouchGFX\touchgfx\widgets</Filter>
    </ClInclude>
    <ClInclude Include="$(TouchGFXReleasePath)\framework\include\touchgfx\widgets\Widget.hpp">
      <Filter>Header Files\TouchGFX\touchgfx\widgets</Filter>
    </ClInclude>
    <ClInclude Include="$(ApplicationRoot)\generated\simulator\include\simulator\mainBase.hpp">
      <Filter>Header Files\generated\simulator</Filter>
    </ClInclude>
    <ClInclude Include="..\..\gui\include\gui\common\FrontendApplication.hpp">
      <Filter>Header Files\gui\common</Filter>
    </ClInclude>
    <ClInclude Include="..\..\generated\gui_generated\include\gui_generated\common\FrontendApplicationBase.hpp">
      <Filter>Header Files\generated\gui_generated\common</Filter>
    </ClInclude>
    <ClInclude Include="..\..\gui\include\gui\common\FrontendHeap.hpp">
      <Filter>Header Files\gui\common</Filter>
    </ClInclude>
    <ClInclude Include="..\..\generated\gui_generated\include\gui_generated\common\FrontendHeapBase.hpp">
      <Filter>Header Files\generated\gui_generated\common</Filter>
    </ClInclude>
    <ClInclude Include="..\..\gui\include\gui\model\Model.hpp">
      <Filter>Header Files\gui\model</Filter>
    </ClInclude>
    <ClInclude Include="..\..\gui\include\gui\model\ModelListener.hpp">
      <Filter>Header Files\gui\model</Filter>
    </ClInclude>
    <ClInclude Include="..\..\generated\gui_generated\include\gui_generated\common\SimConstants.hpp">
      <Filter>Header Files\generated\gui_generated\common</Filter>
    </ClInclude>
    <ClInclude Include="..\..\gui\include\gui\calibrationprogressbar_screen\CalibrationProgressBarPresenter.hpp">
      <Filter>Header Files\gui\calibrationprogressbar_screen</Filter>
    </ClInclude>
    <ClInclude Include="..\..\gui\include\gui\calibrationprogressbar_screen\CalibrationProgressBarView.hpp">
      <Filter>Header Files\gui\calibrationprogressbar_screen</Filter>
    </ClInclude>
    <ClInclude Include="..\..\generated\gui_generated\include\gui_generated\calibrationprogressbar_screen\CalibrationProgressBarViewBase.hpp">
      <Filter>Header Files\generated\gui_generated\calibrationprogressbar_screen</Filter>
    </ClInclude>
    <ClInclude Include="..\..\gui\include\gui\menu_screen\MenuPresenter.hpp">
      <Filter>Header Files\gui\menu_screen</Filter>
    </ClInclude>
    <ClInclude Include="..\..\gui\include\gui\menu_screen\MenuView.hpp">
      <Filter>Header Files\gui\menu_screen</Filter>
    </ClInclude>
    <ClInclude Include="..\..\generated\gui_generated\include\gui_generated\menu_screen\MenuViewBase.hpp">
      <Filter>Header Files\generated\gui_generated\menu_screen</Filter>
    </ClInclude>
    <ClInclude Include="..\..\gui\include\gui\freqmode_screen\FreqModePresenter.hpp">
      <Filter>Header Files\gui\freqmode_screen</Filter>
    </ClInclude>
    <ClInclude Include="..\..\gui\include\gui\freqmode_screen\FreqModeView.hpp">
      <Filter>Header Files\gui\freqmode_screen</Filter>
    </ClInclude>
    <ClInclude Include="..\..\generated\gui_generated\include\gui_generated\freqmode_screen\FreqModeViewBase.hpp">
      <Filter>Header Files\generated\gui_generated\freqmode_screen</Filter>
    </ClInclude>
    <ClInclude Include="..\..\gui\include\gui\timemode_screen\TimeModePresenter.hpp">
      <Filter>Header Files\gui\timemode_screen</Filter>
    </ClInclude>
    <ClInclude Include="..\..\gui\include\gui\timemode_screen\TimeModeView.hpp">
      <Filter>Header Files\gui\timemode_screen</Filter>
    </ClInclude>
    <ClInclude Include="..\..\generated\gui_generated\include\gui_generated\timemode_screen\TimeModeViewBase.hpp">
      <Filter>Header Files\generated\gui_generated\timemode_screen</Filter>
    </ClInclude>
    <ClInclude Include="..\..\gui\include\gui\timemodeconfig_screen\TimeModeConfigPresenter.hpp">
      <Filter>Header Files\gui\timemodeconfig_screen</Filter>
    </ClInclude>
    <ClInclude Include="..\..\gui\include\gui\timemodeconfig_screen\TimeModeConfigView.hpp">
      <Filter>Header Files\gui\timemodeconfig_screen</Filter>
    </ClInclude>
    <ClInclude Include="..\..\generated\gui_generated\include\gui_generated\timemodeconfig_screen\TimeModeConfigViewBase.hpp">
      <Filter>Header Files\generated\gui_generated\timemodeconfig_screen</Filter>
    </ClInclude>
    <ClInclude Include="..\..\gui\include\gui\freqmodeconfig_screen\FreqModeConfigPresenter.hpp">
      <Filter>Header Files\gui\freqmodeconfig_screen</Filter>
    </ClInclude>
    <ClInclude Include="..\..\gui\include\gui\freqmodeconfig_screen\FreqModeConfigView.hpp">
      <Filter>Header Files\gui\freqmodeconfig_screen</Filter>
    </ClInclude>
    <ClInclude Include="..\..\generated\gui_generated\include\gui_generated\freqmodeconfig_screen\FreqModeConfigViewBase.hpp">
      <Filter>Header Files\generated\gui_generated\freqmodeconfig_screen</Filter>
    </ClInclude>
    <ClInclude Include="..\..\gui\include\gui\containers\ChannelContainer.hpp">
      <Filter>Header Files\gui\containers</Filter>
    </ClInclude>
    <ClInclude Include="..\..\generated\gui_generated\include\gui_generated\containers\ChannelContainerBase.hpp">
      <Filter>Header Files\generated\gui_generated\containers</Filter>
    </ClInclude>
    <ClInclude Include="..\..\gui\include\gui\containers\ChannelContainerCenter.hpp">
      <Filter>Header Files\gui\containers</Filter>
    </ClInclude>
    <ClInclude Include="..\..\generated\gui_generated\include\gui_generated\containers\ChannelContainerCenterBase.hpp">
      <Filter>Header Files\generated\gui_generated\containers</Filter>
    </ClInclude>
    <ClInclude Include="..\..\gui\include\gui\lib\TimeModeParameter.hpp">
      <Filter>Header Files\gui\lib</Filter>
    </ClInclude>
    <ClInclude Include="..\..\gui\include\gui\lib\SessionSetup.hpp">
      <Filter>Header Files\gui\lib</Filter>
    </ClInclude>
    <ClInclude Include="..\..\gui\include\gui\lib\FreqModeParameter.hpp">
      <Filter>Header Files\gui\lib</Filter>
    </ClInclude>
    <ClInclude Include="..\..\gui\include\gui\timehistogram_screen\TimeHistogramPresenter.hpp">
      <Filter>Header Files\gui\timehistogram_screen</Filter>
    </ClInclude>
    <ClInclude Include="..\..\gui\include\gui\timehistogram_screen\TimeHistogramView.hpp">
      <Filter>Header Files\gui\timehistogram_screen</Filter>
    </ClInclude>
    <ClInclude Include="..\..\generated\gui_generated\include\gui_generated\timehistogram_screen\TimeHistogramViewBase.hpp">
      <Filter>Header Files\generated\gui_generated\timehistogram_screen</Filter>
    </ClInclude>
    <ClInclude Include="..\..\gui\include\gui\timegraphti1_screen\TimeGraphTi1Presenter.hpp">
      <Filter>Header Files\gui\timegraphti1_screen</Filter>
    </ClInclude>
    <ClInclude Include="..\..\gui\include\gui\timegraphti1_screen\TimeGraphTi1View.hpp">
      <Filter>Header Files\gui\timegraphti1_screen</Filter>
    </ClInclude>
    <ClInclude Include="..\..\generated\gui_generated\include\gui_generated\timegraphti1_screen\TimeGraphTi1ViewBase.hpp">
      <Filter>Header Files\generated\gui_generated\timegraphti1_screen</Filter>
    </ClInclude>
    <ClInclude Include="..\..\gui\include\gui\freqgraph_screen\FreqGraphPresenter.hpp">
      <Filter>Header Files\gui\freqgraph_screen</Filter>
    </ClInclude>
    <ClInclude Include="..\..\gui\include\gui\freqgraph_screen\FreqGraphView.hpp">
      <Filter>Header Files\gui\freqgraph_screen</Filter>
    </ClInclude>
    <ClInclude Include="..\..\generated\gui_generated\include\gui_generated\freqgraph_screen\FreqGraphViewBase.hpp">
      <Filter>Header Files\generated\gui_generated\freqgraph_screen</Filter>
    </ClInclude>
    <ClInclude Include="..\..\gui\include\gui\freqhistogram_screen\FreqHistogramPresenter.hpp">
      <Filter>Header Files\gui\freqhistogram_screen</Filter>
    </ClInclude>
    <ClInclude Include="..\..\gui\include\gui\freqhistogram_screen\FreqHistogramView.hpp">
      <Filter>Header Files\gui\freqhistogram_screen</Filter>
    </ClInclude>
    <ClInclude Include="..\..\generated\gui_generated\include\gui_generated\freqhistogram_screen\FreqHistogramViewBase.hpp">
      <Filter>Header Files\generated\gui_generated\freqhistogram_screen</Filter>
    </ClInclude>
    <ClInclude Include="..\..\gui\include\gui\about_screen\AboutPresenter.hpp">
      <Filter>Header Files\gui\about_screen</Filter>
    </ClInclude>
    <ClInclude Include="..\..\gui\include\gui\about_screen\AboutView.hpp">
      <Filter>Header Files\gui\about_screen</Filter>
    </ClInclude>
    <ClInclude Include="..\..\generated\gui_generated\include\gui_generated\about_screen\AboutViewBase.hpp">
      <Filter>Header Files\generated\gui_generated\about_screen</Filter>
    </ClInclude>
  </ItemGroup>
  <ItemGroup>
    <ResourceCompile Include="$(ApplicationRoot)\generated\simulator\touchgfx.rc">
      <Filter>Resource Files</Filter>
    </ResourceCompile>
  </ItemGroup>
</Project>
